
Microsoft Visual Studio Solution File, Format Version 12.00
# Visual Studio Version 16
VisualStudioVersion = 16.0.28606.126
MinimumVisualStudioVersion = 10.0.40219.1
Project("{9A19103F-16F7-4668-BE54-9A1E7A4F7556}") = "balance", "balance\balance.csproj", "{0D23DA7B-3850-43AB-96B6-EA4FD4132E76}"
EndProject
Project("{9A19103F-16F7-4668-BE54-9A1E7A4F7556}") = "Flowers", "flowers\Flowers.csproj", "{0C1E306F-07AB-400D-BAB2-B73CB4DEDA03}"
EndProject
Project("{9A19103F-16F7-4668-BE54-9A1E7A4F7556}") = "Seeds", "Seeds\Seeds.csproj", "{29A2B06F-CBB9-4F6B-9CDD-954681907910}"
EndProject
Project("{FAE04EC0-301F-11D3-BF4B-00C04F79EFBC}") = "Util", "Util\Util.csproj", "{09F6F596-31C3-481E-ACD1-439CBCD032E3}"
EndProject
Global
	GlobalSection(SolutionConfigurationPlatforms) = preSolution
		Debug|Any CPU = Debug|Any CPU
		Release|Any CPU = Release|Any CPU
	EndGlobalSection
	GlobalSection(ProjectConfigurationPlatforms) = postSolution
		{0D23DA7B-3850-43AB-96B6-EA4FD4132E76}.Debug|Any CPU.ActiveCfg = Debug|Any CPU
		{0D23DA7B-3850-43AB-96B6-EA4FD4132E76}.Debug|Any CPU.Build.0 = Debug|Any CPU
		{0D23DA7B-3850-43AB-96B6-EA4FD4132E76}.Release|Any CPU.ActiveCfg = Release|Any CPU
		{0D23DA7B-3850-43AB-96B6-EA4FD4132E76}.Release|Any CPU.Build.0 = Release|Any CPU
		{0C1E306F-07AB-400D-BAB2-B73CB4DEDA03}.Debug|Any CPU.ActiveCfg = Debug|Any CPU
		{0C1E306F-07AB-400D-BAB2-B73CB4DEDA03}.Debug|Any CPU.Build.0 = Debug|Any CPU
		{0C1E306F-07AB-400D-BAB2-B73CB4DEDA03}.Release|Any CPU.ActiveCfg = Release|Any CPU
		{0C1E306F-07AB-400D-BAB2-B73CB4DEDA03}.Release|Any CPU.Build.0 = Release|Any CPU
		{29A2B06F-CBB9-4F6B-9CDD-954681907910}.Debug|Any CPU.ActiveCfg = Debug|Any CPU
		{29A2B06F-CBB9-4F6B-9CDD-954681907910}.Debug|Any CPU.Build.0 = Debug|Any CPU
		{29A2B06F-CBB9-4F6B-9CDD-954681907910}.Release|Any CPU.ActiveCfg = Release|Any CPU
		{29A2B06F-CBB9-4F6B-9CDD-954681907910}.Release|Any CPU.Build.0 = Release|Any CPU
		{09F6F596-31C3-481E-ACD1-439CBCD032E3}.Debug|Any CPU.ActiveCfg = Debug|Any CPU
		{09F6F596-31C3-481E-ACD1-439CBCD032E3}.Debug|Any CPU.Build.0 = Debug|Any CPU
		{09F6F596-31C3-481E-ACD1-439CBCD032E3}.Release|Any CPU.ActiveCfg = Release|Any CPU
		{09F6F596-31C3-481E-ACD1-439CBCD032E3}.Release|Any CPU.Build.0 = Release|Any CPU
	EndGlobalSection
	GlobalSection(SolutionProperties) = preSolution
		HideSolutionNode = FALSE
	EndGlobalSection
	GlobalSection(ExtensibilityGlobals) = postSolution
		SolutionGuid = {1FB1E258-31E3-4CCF-BEF3-7725A9AC668A}
	EndGlobalSection
EndGlobal
